# THIS IS AN AUTOGENERATED FILE. DO NOT EDIT THIS FILE DIRECTLY.
assets/CenturyGothic-Bold.ttf:
  development: 2017-11-05T13:47:25-06:00   5c5717dc07ae800479c0a13bc59675a1
assets/CenturyGothic-Bold.woff:
  development: 2017-11-05T13:47:25-06:00   f93232ceb38e5956ee7eeb40cf00b734
assets/CenturyGothic.ttf:
  development: 2017-11-05T13:47:26-06:00   d66ee27a3d4ed1219b8cb7b557a6bef0
assets/CenturyGothic.woff:
  development: 2017-11-05T13:47:26-06:00   8836cfd54b70d431d15330b799ff42b4
assets/Gotham-Book.ttf:
  development: 2017-11-05T13:47:26-06:00   21f0bb099e2b19c17d31c69efaf63452
assets/Gotham-Book.woff:
  development: 2017-11-05T13:47:26-06:00   bbacb8efb2b0ccc57516b18091a23c28
assets/Gotham-Medium.ttf:
  development: 2017-11-05T13:47:26-06:00   b69c6e7a40112ab7eeb4251897feaa23
assets/Gotham-Medium.woff:
  development: 2017-11-05T13:47:27-06:00   09034a2bd452051afb41b1bb3cb593b1
assets/Gotham-Thin.ttf:
  development: 2017-11-05T13:47:27-06:00   6117dae5c33da89269cf8dc6a9cb11cb
assets/Gotham-Thin.woff:
  development: 2017-11-05T13:47:27-06:00   7dfead68f26c285baeab093188ec199e
assets/TradeGothicCond.ttf:
  development: 2017-11-05T13:47:27-06:00   20540ab133f061c4424909decae09392
assets/TradeGothicCond.woff:
  development: 2017-11-05T13:47:28-06:00   16e28dce391a22f49cd3242ea85c9e48
assets/arrow-down.png:
  development: 2017-11-05T13:47:28-06:00   073260e5909471f475fb917826f42ac1
assets/cart.png:
  development: 2017-11-05T13:47:28-06:00   27a040d016603e526d9dcd1c646d3428
assets/dispatch-2_large.png:
  development: 2017-11-18T14:09:36-06:00   b9171225791d036ebaea15ca551aefc8
assets/giftcard.js:
  development: 2017-11-05T13:47:28-06:00   b771bb1917067a40642c2d8e27cf877d
assets/ico-select.svg.liquid:
  development: 2017-11-05T13:47:28-06:00   765be6d2ef08d76aa0f1aab48a10e2b7
assets/instafeed.min.js:
  development: 2017-11-05T13:47:28-06:00   1b9d5439b41e462220f9e6937df15b60
assets/pic404.png:
  development: 2017-11-21T12:47:12-06:00   a7703717df06917ff132d283b4a13b74
assets/roast-2_large.png:
  development: 2017-11-18T14:09:37-06:00   6db9e6b2757001b782493ea2f8398238
assets/source-2_large.png:
  development: 2017-11-18T14:09:38-06:00   6f40539ef4169638991b1f594787c3a0
assets/subs-arrow-bg.png:
  development: 2017-11-18T14:09:37-06:00   520421552c7a55d8d6b2e8cc1c15be32
assets/theme.js:
  development: 2017-11-15T22:11:33-06:00   b36cb372f5cbb16710855664afbe83e7
assets/theme.scss.liquid:
  development: 2017-11-22T11:12:00-06:00   ee56327ffb286c56a3d9342c63234169
assets/vendor.js:
  development: 2017-11-05T13:47:29-06:00   b8e8dbe1aaf11c882d6d849a708113d1
config/settings_data.json:
  development: 2017-11-05T13:47:25-06:00   fefa7f24aaf0c90cdf78fb23047a1fd5
config/settings_schema.json:
  development: 2017-11-05T13:47:31-06:00   80b76993f79a8c557920a95cb6667c5f
layout/gift_card.liquid:
  development: 2017-11-05T13:47:29-06:00   b58166c5e68a3ac6fc885d27b6c84eb4
layout/password.liquid:
  development: 2017-11-05T13:47:29-06:00   a3126a75f83c949db861167020c63219
layout/theme.liquid:
  development: 2017-11-05T13:47:29-06:00   10e918c3997be97265a5b3ecb80bcdbc
locales/da.json:
  development: 2017-11-05T13:47:29-06:00   11eeba1f0b587a6e3183ea859a874ca1
locales/de.json:
  development: 2017-11-05T13:47:29-06:00   bf98a62c6b1be4fae1ed6bb483b2d1cb
locales/en.default.json:
  development: 2017-11-05T13:47:29-06:00   928d7f669e9163ae661f3f295dce9c0e
locales/es.json:
  development: 2017-11-05T13:47:29-06:00   c728855db4de752df3d15e8ee0e76223
locales/fr.json:
  development: 2017-11-05T13:47:29-06:00   243a2a79ce3c8a42ce3d0e3a8a2baa6c
locales/pt-BR.json:
  development: 2017-11-05T13:47:29-06:00   a923b89f0abfb7ea518de79d3cca69b1
locales/pt-PT.json:
  development: 2017-11-05T13:47:29-06:00   e063bad52d56951e8e83095af177e679
sections/about-banner.liquid:
  development: 2017-11-05T13:47:24-06:00   0150fe1625e3e344c78536faa24d0d46
sections/about-infobar.liquid:
  development: 2017-11-05T13:47:24-06:00   4d4a80410f443e6ef79eeed2d77c8ec7
sections/about-posts.liquid:
  development: 2017-11-05T13:47:24-06:00   6605eb167593d4b21c2759052bc7165e
sections/about-text-block.liquid:
  development: 2017-11-05T13:47:24-06:00   c7dedfddbeeb5be17e051f4602c880b9
sections/blog-template.liquid:
  development: 2017-11-05T13:47:24-06:00   3ec571f4efde32872cbc9c20737d344d
sections/featured-collection.liquid:
  development: 2017-11-05T13:47:24-06:00   fdee2baf3b673ebd93af186139f74416
sections/footer.liquid:
  development: 2017-11-22T11:11:20-06:00   32368672e0c830be03286b554e843caf
sections/header.liquid:
  development: 2017-11-05T13:47:24-06:00   887f1f8a538046f2fd62e595fe850702
sections/home-divider.liquid:
  development: 2017-11-05T13:47:24-06:00   a7578e8d0d3323f02700541958017b36
sections/home-features.liquid:
  development: 2017-11-05T18:58:33-06:00   e36d9a63d2e092d139740fe61da2ba7e
sections/home-hero-image.liquid:
  development: 2017-11-05T18:55:18-06:00   f06a43e9b31378da1c5ccfa962a091e5
sections/home-instagram.liquid:
  development: 2017-11-05T13:47:24-06:00   0408a77a934845e67122e05366ff721c
sections/home-posts.liquid:
  development: 2017-11-05T13:47:24-06:00   2c49cad2770d9658b07303a4d200f0a1
sections/home-text-block.liquid:
  development: 2017-11-05T13:47:24-06:00   24890a190b024492a8a528cdad419dd0
sections/menu-1.liquid:
  development: 2017-11-05T13:47:25-06:00   d0961a583904b8f85f4e7ffdf4051208
sections/menu-2.liquid:
  development: 2017-11-05T13:47:25-06:00   8ec334242b341c96d136cdd5c47833fd
sections/menu-3.liquid:
  development: 2017-11-05T13:47:25-06:00   329ded5f9260baf1d0fbfb3c986b1bf9
sections/menu-4.liquid:
  development: 2017-11-05T13:47:25-06:00   696e384b449e8307a83ecd27cebe22e2
sections/menu-5.liquid:
  development: 2017-11-05T13:47:25-06:00   344d6782f9cdb8a8614cf54aeb8e77dc
sections/offset_sidebar.liquid:
  development: 2017-11-05T18:28:30-06:00   9521cfb20bd2d976dd64c5c1b4816630
sections/page-banner.liquid:
  development: 2017-11-08T22:37:41-06:00   038541fd78310a0981ddd65c09f2adf2
sections/page-happenings.liquid:
  development: 2017-11-05T13:47:25-06:00   ca48d52e423b520e232bf58dae93a959
sections/page-menus.liquid:
  development: 2017-11-05T13:47:25-06:00   11eb0153e52446711f5edc5326b7fffd
sections/product.liquid:
  development: 2017-11-05T13:47:25-06:00   b90215eec1bcd1f1034d6f6fa0f377cd
snippets/header_buttons.liquid:
  development: 2017-11-05T13:47:29-06:00   d824e27492414abd8251472401a68291
snippets/icon-amazon_payments.liquid:
  development: 2017-11-05T13:47:29-06:00   b5ff59d6df578a0fc1ca86322682cbaf
snippets/icon-american_express.liquid:
  development: 2017-11-05T13:47:29-06:00   9da829decce6867b8de60a183c94d099
snippets/icon-angle-down.liquid:
  development: 2017-11-05T13:47:29-06:00   b0b138719ecd680ad39b40a1a7eea590
snippets/icon-angle-right.liquid:
  development: 2017-11-05T13:47:29-06:00   9c07ce3aefd59832e271f67b2b73daf9
snippets/icon-apple_pay.liquid:
  development: 2017-11-05T13:47:29-06:00   f679a56cc48b7bf65ea998f8c5029937
snippets/icon-arrow-down.liquid:
  development: 2017-11-05T13:47:29-06:00   4220a296e469301813f0696d88df0b82
snippets/icon-bitcoin.liquid:
  development: 2017-11-05T13:47:29-06:00   d8cb31e0401818c1cb852348b6f27420
snippets/icon-cart.liquid:
  development: 2017-11-05T13:47:29-06:00   3ab4c52e99307e63bbbef1889a06aa6b
snippets/icon-cirrus.liquid:
  development: 2017-11-05T13:47:29-06:00   fcbd6ce7e38d7946c921c8ed6ad5ca71
snippets/icon-clock.liquid:
  development: 2017-11-05T13:47:29-06:00   4c43505cf89481a09eb6dfbdce11add8
snippets/icon-close.liquid:
  development: 2017-11-05T13:47:29-06:00   1ae4758b5f5e0acc627a32e96ed79da9
snippets/icon-dankort.liquid:
  development: 2017-11-05T13:47:29-06:00   796e1e822b3e46784d303b48c9db5b29
snippets/icon-diners_club.liquid:
  development: 2017-11-05T13:47:30-06:00   cf70ea54486bb14c286264f90dab9ff8
snippets/icon-discover.liquid:
  development: 2017-11-05T13:47:30-06:00   b43221b39bc3df37f7e6c7810d3e54d8
snippets/icon-dogecoin.liquid:
  development: 2017-11-05T13:47:30-06:00   67abfb757def8ef6ad3e8501af6b98bd
snippets/icon-dwolla.liquid:
  development: 2017-11-05T13:47:30-06:00   30b9fb88641a559f68f401a1a95506e5
snippets/icon-facebook.liquid:
  development: 2017-11-05T13:47:30-06:00   e86fe10ad2a960a28958f484e3b48987
snippets/icon-forbrugsforeningen.liquid:
  development: 2017-11-05T13:47:30-06:00   dc60dbbf37b6b40ce2d5e8efb6a5cd7b
snippets/icon-hamburger.liquid:
  development: 2017-11-05T13:47:30-06:00   c61b1caa743b5790de67f0ccc8f3ba04
snippets/icon-instagram.liquid:
  development: 2017-11-05T13:47:30-06:00   4dafaf7002a43a429c19d9416c6a5e24
snippets/icon-interac.liquid:
  development: 2017-11-05T13:47:30-06:00   24c4d22a98c0574c32fc02fe39e34b80
snippets/icon-jcb.liquid:
  development: 2017-11-05T13:47:30-06:00   275259ce80a1b368d0e5afcf7d6bb6f3
snippets/icon-litecoin.liquid:
  development: 2017-11-05T13:47:30-06:00   051dfcb36fa17b532a087b12f0a49e0e
snippets/icon-location.liquid:
  development: 2017-11-09T15:43:52-06:00   4db4249ee0437b7d1ca1bb6de60a87c5
snippets/icon-lock.liquid:
  development: 2017-11-05T13:47:30-06:00   60ae7ba03d14efa582faed8855821a58
snippets/icon-maestro.liquid:
  development: 2017-11-05T13:47:30-06:00   a540b6db188a28fb8f72ed741a897330
snippets/icon-master.liquid:
  development: 2017-11-05T13:47:30-06:00   a8160577c52110a093d7120692bb6241
snippets/icon-minus.liquid:
  development: 2017-11-05T13:47:30-06:00   78c513424d498299e865f8a242823ad0
snippets/icon-paypal.liquid:
  development: 2017-11-05T13:47:30-06:00   1b0d7db160b229b8519cccf2514ee676
snippets/icon-phone.liquid:
  development: 2017-11-05T13:47:30-06:00   a43dcc8017d4dbfb5f1adafbafb8ceec
snippets/icon-pinterest.liquid:
  development: 2017-11-05T13:47:30-06:00   701f2a785b3fa83d63e3ab54af060031
snippets/icon-plus.liquid:
  development: 2017-11-05T13:47:30-06:00   ba5297f64eb7ea97f1785e8166e11231
snippets/icon-rss.liquid:
  development: 2017-11-05T13:47:30-06:00   192c99ddafd680c55f2fd9261df8d871
snippets/icon-search.liquid:
  development: 2017-11-05T13:47:30-06:00   a87ad34972418ed6358f17c62949f804
snippets/icon-shopify-logo.liquid:
  development: 2017-11-05T13:47:30-06:00   70ebbe66d8a1bf488965e2ad372408c6
snippets/icon-shopping-cart.liquid:
  development: 2017-11-05T13:47:30-06:00   a4c7b156f457beb4a5de8aa1676e763d
snippets/icon-snapchat.liquid:
  development: 2017-11-05T13:47:30-06:00   d6f0dedb86544b535e6ea5b25f66ef0d
snippets/icon-tumblr.liquid:
  development: 2017-11-05T13:47:30-06:00   d71a4ada77a8a9b6bd792bdafef393de
snippets/icon-twitter.liquid:
  development: 2017-11-05T13:47:30-06:00   24047c22697a23a0baabf2804adc6c11
snippets/icon-vimeo.liquid:
  development: 2017-11-05T13:47:30-06:00   a229ed8a1a81e6ef95ad621f8a34efb6
snippets/icon-visa.liquid:
  development: 2017-11-05T13:47:30-06:00   9098533cd59e385d2672f6d8b7fa4b04
snippets/icon-youtube.liquid:
  development: 2017-11-05T13:47:30-06:00   9d72c5bc3eaa14a3e7aefd921881b1ae
snippets/info_bar.liquid:
  development: 2017-11-05T13:47:30-06:00   00a296cc29c1ea02e0efafc06dd3e768
snippets/info_bar_global.liquid:
  development: 2017-11-05T13:47:30-06:00   75cc51a488b51e87ea31f691fc88ced1
snippets/menu-items.liquid:
  development: 2017-11-05T13:47:30-06:00   ade23ecdc10033f0bed85b9db8630b80
snippets/no-blocks.liquid:
  development: 2017-11-05T13:47:30-06:00   0cb7d758b6df0feb07ae5804b4b627fa
snippets/pagination.liquid:
  development: 2017-11-05T13:47:30-06:00   70ac0e8ef98b7ec7f7d7598372a5a5a0
snippets/product-item.liquid:
  development: 2017-11-05T13:47:30-06:00   9264d4770e76c128343620a6774afe0c
snippets/social-meta-tags.liquid:
  development: 2017-11-05T13:47:30-06:00   312dfc487a1aa92503527dbc4a4e56b4
snippets/social-sharing.liquid:
  development: 2017-11-05T13:47:30-06:00   987f1d283ac10d7849dc69d76221e37a
templates/404.liquid:
  development: 2017-11-21T12:57:54-06:00   1809f25e168cf3cfdeeb497316fd6dfd
templates/article.happenings.liquid:
  development: 2017-11-05T13:47:31-06:00   3285ca2c39d1e25e868910ee9f4920c1
templates/article.liquid:
  development: 2017-11-05T13:47:31-06:00   adf527071b900386813b724952d5cfd4
templates/blog.liquid:
  development: 2017-11-05T13:47:31-06:00   d83cc3686f59028de70157c3babfbad1
templates/cart.liquid:
  development: 2017-11-21T10:49:45-06:00   c177dbdb00de866297d0b4be0bf0a512
templates/collection.liquid:
  development: 2017-11-05T13:47:31-06:00   8c430fd39393e7fb7f9a1a7a585cc11b
templates/customers/account.liquid:
  development: 2017-11-21T19:00:28-06:00   5c1976273ac7437ac2b59f0c9329a2f6
templates/customers/activate_account.liquid:
  development: 2017-11-05T13:47:31-06:00   9df448bfebd9818755cc375260469e32
templates/customers/addresses.liquid:
  development: 2017-11-05T13:47:31-06:00   3bf9b443cb0d71292ff3a1066df19ee1
templates/customers/login.liquid:
  development: 2017-11-10T16:16:15-06:00   d7d67925fee4bac4c6be8270e1b51cab
templates/customers/order.liquid:
  development: 2017-11-05T13:47:31-06:00   37f1c5cf66aa9eb9f7588988f536568d
templates/customers/register.liquid:
  development: 2017-11-10T19:41:00-06:00   6ee785114a7d212536519424bb5a6b5a
templates/customers/reset_password.liquid:
  development: 2017-11-05T13:47:31-06:00   f6e5f6d66dacbb6fffd82fb1a6d29cd4
templates/gift_card.liquid:
  development: 2017-11-05T13:47:31-06:00   f61e2011563bbcc40f5cce50073693ab
templates/index.liquid:
  development: 2017-11-05T13:47:31-06:00   27e80d84fda6785f4e637d06e18c539b
templates/list-collections.liquid:
  development: 2017-11-05T13:47:31-06:00   731de28361cadf6b3bb17b111ac6cd99
templates/page.about.liquid:
  development: 2017-11-05T13:47:31-06:00   d8115d12e0891f887a9b9b7b4a72ccf6
templates/page.contact.liquid:
  development: 2017-11-15T22:11:23-06:00   2eb19db80a3798c17a28345a15fa08d9
templates/page.faqs.liquid:
  development: 2017-11-05T13:47:31-06:00   597811d12bf42405334bfcc9e0169ca0
templates/page.happenings.liquid:
  development: 2017-11-05T13:47:31-06:00   100fa770152f2b4ef3ef8b5200c1f373
templates/page.liquid:
  development: 2017-11-05T13:47:31-06:00   79388a86e2250c30ac7c65e51a70d5b8
templates/page.menus.liquid:
  development: 2017-11-05T13:47:31-06:00   2ef66457fdc8635892216eb1142b576f
templates/page.styles.liquid:
  development: 2017-11-05T13:47:31-06:00   9fb4c3208eda89312711db4cdc2773c7
templates/page.subscriptions.liquid:
  development: 2017-11-18T15:49:42-06:00   581b8882e1bcf64a4f2fb4e05c64a8c4
templates/page.wholesale.liquid:
  development: 2017-11-18T12:37:38-06:00   cb645c8f7f6624586b0dcd2fb68873c1
templates/password.liquid:
  development: 2017-11-05T13:47:31-06:00   73bba9f7f2437720e1e1fde57b544859
templates/product.liquid:
  development: 2017-11-05T13:47:31-06:00   4fd44b8093bad2e827e58f5564520abb
templates/search.liquid:
  development: 2017-11-05T13:47:31-06:00   63801fc20846d04a1b422d5bf6d3ca45
